# This file is automatically @generated by Cargo.
# It is not intended for manual editing.
[[package]]
name = "tokesies"
version = "0.1.0"
source = "git+https://github.com/Jeffail/tokesies#db4375b4815ee0137622ff8094e241f97f5daf10"

[[package]]
name = "tumblesolve"
version = "0.1.0"
dependencies = [
 "tokesies 0.1.0 (git+https://github.com/Jeffail/tokesies)",
]

[metadata]
"checksum tokesies 0.1.0 (git+https://github.com/Jeffail/tokesies)" = "<none>"
