# This file is automatically @generated by Cargo.
# It is not intended for manual editing.
version = 3

[[package]]
name = "tokesies"
version = "0.1.0"
source = "git+https://github.com/Jeffail/tokesies#db4375b4815ee0137622ff8094e241f97f5daf10"

[[package]]
name = "tumblesolve"
version = "1.0.0"
dependencies = [
 "tokesies",
]
